<?xml version="1.0" encoding="utf-8"?>
<Project ToolsVersion="4.0" xmlns="http://schemas.microsoft.com/developer/msbuild/2003">
  <ItemGroup>
    <Filter Include="Source Files">
      <UniqueIdentifier>{4FC737F1-C7A5-4376-A066-2A32D752A2FF}</UniqueIdentifier>
      <Extensions>cpp;c;cc;cxx;def;odl;idl;hpj;bat;asm;asmx</Extensions>
    </Filter>
    <Filter Include="Header Files">
      <UniqueIdentifier>{93995380-89BD-4b04-88EB-625FBE52EBFB}</UniqueIdentifier>
      <Extensions>h;hh;hpp;hxx;hm;inl;inc;ipp;xsd</Extensions>
    </Filter>
    <Filter Include="Header Files\AStar">
      <UniqueIdentifier>{cda0b3fa-1f47-4a19-82e0-c4220b820bec}</UniqueIdentifier>
    </Filter>
    <Filter Include="Source Files\AStar">
      <UniqueIdentifier>{d9f60c06-a943-4242-a5c6-deef0cc57657}</UniqueIdentifier>
    </Filter>
  </ItemGroup>
  <ItemGroup>
    <ClInclude Include="AStarInterface.hpp">
      <Filter>Header Files\AStar</Filter>
    </ClInclude>
    <ClInclude Include="AStarNode.hpp">
      <Filter>Header Files\AStar</Filter>
    </ClInclude>
    <ClInclude Include="AStarSolver.hpp">
      <Filter>Header Files\AStar</Filter>
    </ClInclude>
    <ClInclude Include="LogProblem.hpp">
      <Filter>Header Files</Filter>
    </ClInclude>
    <ClInclude Include="OrientedGraph.hpp">
      <Filter>Header Files</Filter>
    </ClInclude>
  </ItemGroup>
  <ItemGroup>
    <ClCompile Include="AStarSolver.cpp">
      <Filter>Source Files\AStar</Filter>
    </ClCompile>
    <ClCompile Include="LogProblem.cpp">
      <Filter>Source Files</Filter>
    </ClCompile>
    <ClCompile Include="Source.cpp">
      <Filter>Source Files</Filter>
    </ClCompile>
    <ClCompile Include="OrientedGraph.cpp">
      <Filter>Source Files</Filter>
    </ClCompile>
  </ItemGroup>
</Project>